
Microsoft Visual Studio Solution File, Format Version 12.00
# Visual Studio Version 17
VisualStudioVersion = 17.1.32421.90
MinimumVisualStudioVersion = 10.0.40219.1
Project("{FAE04EC0-301F-11D3-BF4B-00C04F79EFBC}") = "TaskFormApp", "TaskFormApp\TaskFormApp.csproj", "{10FE85A0-DC76-4C9C-9BA7-D4CC23054F5B}"
EndProject
Project("{9A19103F-16F7-4668-BE54-9A1E7A4F7556}") = "TestWebAPI", "TestWebAPI\TestWebAPI.csproj", "{6C47157D-18F1-46A4-BBA4-C29CB6B3BB45}"
EndProject
Project("{9A19103F-16F7-4668-BE54-9A1E7A4F7556}") = "TaskWebApp.API", "TaskWebApp.API\TaskWebApp.API.csproj", "{E4CB4033-BE05-4671-A09C-979106BAB8A3}"
EndProject
Project("{9A19103F-16F7-4668-BE54-9A1E7A4F7556}") = "TaskConsoleApp", "TaskConsoleApp\TaskConsoleApp.csproj", "{5686C23A-A035-48FE-B60D-358D54BE15D3}"
EndProject
Project("{FAE04EC0-301F-11D3-BF4B-00C04F79EFBC}") = "TaskThreadApp", "TaskThreadApp\TaskThreadApp.csproj", "{FBE8459B-BB6E-4037-8BAD-91F17DF2512B}"
EndProject
Project("{FAE04EC0-301F-11D3-BF4B-00C04F79EFBC}") = "TaskCancellationFormApp", "TaskCancellationFormApp\TaskCancellationFormApp.csproj", "{ECFA6917-1E10-4532-89AA-15C4FE762851}"
EndProject
Project("{9A19103F-16F7-4668-BE54-9A1E7A4F7556}") = "ForEachParalelApp", "ForEachParalelApp\ForEachParalelApp.csproj", "{F99ED9BD-5CA9-40FE-A7A7-92050A9F51DE}"
EndProject
Project("{FAE04EC0-301F-11D3-BF4B-00C04F79EFBC}") = "ParallelForAndForEachConcellationApp", "ParallelForAndForEachConcellationApp\ParallelForAndForEachConcellationApp.csproj", "{82FF8C30-97A9-4F2C-9D95-E8812A8C08D9}"
EndProject
Project("{FAE04EC0-301F-11D3-BF4B-00C04F79EFBC}") = "PLINQ.App", "PLINQ.App\PLINQ.App.csproj", "{D9B51050-B09C-4FFA-BA58-97BA4A6B34FB}"
EndProject
Global
	GlobalSection(SolutionConfigurationPlatforms) = preSolution
		Debug|Any CPU = Debug|Any CPU
		Release|Any CPU = Release|Any CPU
	EndGlobalSection
	GlobalSection(ProjectConfigurationPlatforms) = postSolution
		{10FE85A0-DC76-4C9C-9BA7-D4CC23054F5B}.Debug|Any CPU.ActiveCfg = Debug|Any CPU
		{10FE85A0-DC76-4C9C-9BA7-D4CC23054F5B}.Debug|Any CPU.Build.0 = Debug|Any CPU
		{10FE85A0-DC76-4C9C-9BA7-D4CC23054F5B}.Release|Any CPU.ActiveCfg = Release|Any CPU
		{10FE85A0-DC76-4C9C-9BA7-D4CC23054F5B}.Release|Any CPU.Build.0 = Release|Any CPU
		{6C47157D-18F1-46A4-BBA4-C29CB6B3BB45}.Debug|Any CPU.ActiveCfg = Debug|Any CPU
		{6C47157D-18F1-46A4-BBA4-C29CB6B3BB45}.Debug|Any CPU.Build.0 = Debug|Any CPU
		{6C47157D-18F1-46A4-BBA4-C29CB6B3BB45}.Release|Any CPU.ActiveCfg = Release|Any CPU
		{6C47157D-18F1-46A4-BBA4-C29CB6B3BB45}.Release|Any CPU.Build.0 = Release|Any CPU
		{E4CB4033-BE05-4671-A09C-979106BAB8A3}.Debug|Any CPU.ActiveCfg = Debug|Any CPU
		{E4CB4033-BE05-4671-A09C-979106BAB8A3}.Debug|Any CPU.Build.0 = Debug|Any CPU
		{E4CB4033-BE05-4671-A09C-979106BAB8A3}.Release|Any CPU.ActiveCfg = Release|Any CPU
		{E4CB4033-BE05-4671-A09C-979106BAB8A3}.Release|Any CPU.Build.0 = Release|Any CPU
		{5686C23A-A035-48FE-B60D-358D54BE15D3}.Debug|Any CPU.ActiveCfg = Debug|Any CPU
		{5686C23A-A035-48FE-B60D-358D54BE15D3}.Debug|Any CPU.Build.0 = Debug|Any CPU
		{5686C23A-A035-48FE-B60D-358D54BE15D3}.Release|Any CPU.ActiveCfg = Release|Any CPU
		{5686C23A-A035-48FE-B60D-358D54BE15D3}.Release|Any CPU.Build.0 = Release|Any CPU
		{FBE8459B-BB6E-4037-8BAD-91F17DF2512B}.Debug|Any CPU.ActiveCfg = Debug|Any CPU
		{FBE8459B-BB6E-4037-8BAD-91F17DF2512B}.Debug|Any CPU.Build.0 = Debug|Any CPU
		{FBE8459B-BB6E-4037-8BAD-91F17DF2512B}.Release|Any CPU.ActiveCfg = Release|Any CPU
		{FBE8459B-BB6E-4037-8BAD-91F17DF2512B}.Release|Any CPU.Build.0 = Release|Any CPU
		{ECFA6917-1E10-4532-89AA-15C4FE762851}.Debug|Any CPU.ActiveCfg = Debug|Any CPU
		{ECFA6917-1E10-4532-89AA-15C4FE762851}.Debug|Any CPU.Build.0 = Debug|Any CPU
		{ECFA6917-1E10-4532-89AA-15C4FE762851}.Release|Any CPU.ActiveCfg = Release|Any CPU
		{ECFA6917-1E10-4532-89AA-15C4FE762851}.Release|Any CPU.Build.0 = Release|Any CPU
		{F99ED9BD-5CA9-40FE-A7A7-92050A9F51DE}.Debug|Any CPU.ActiveCfg = Debug|Any CPU
		{F99ED9BD-5CA9-40FE-A7A7-92050A9F51DE}.Debug|Any CPU.Build.0 = Debug|Any CPU
		{F99ED9BD-5CA9-40FE-A7A7-92050A9F51DE}.Release|Any CPU.ActiveCfg = Release|Any CPU
		{F99ED9BD-5CA9-40FE-A7A7-92050A9F51DE}.Release|Any CPU.Build.0 = Release|Any CPU
		{82FF8C30-97A9-4F2C-9D95-E8812A8C08D9}.Debug|Any CPU.ActiveCfg = Debug|Any CPU
		{82FF8C30-97A9-4F2C-9D95-E8812A8C08D9}.Debug|Any CPU.Build.0 = Debug|Any CPU
		{82FF8C30-97A9-4F2C-9D95-E8812A8C08D9}.Release|Any CPU.ActiveCfg = Release|Any CPU
		{82FF8C30-97A9-4F2C-9D95-E8812A8C08D9}.Release|Any CPU.Build.0 = Release|Any CPU
		{D9B51050-B09C-4FFA-BA58-97BA4A6B34FB}.Debug|Any CPU.ActiveCfg = Debug|Any CPU
		{D9B51050-B09C-4FFA-BA58-97BA4A6B34FB}.Debug|Any CPU.Build.0 = Debug|Any CPU
		{D9B51050-B09C-4FFA-BA58-97BA4A6B34FB}.Release|Any CPU.ActiveCfg = Release|Any CPU
		{D9B51050-B09C-4FFA-BA58-97BA4A6B34FB}.Release|Any CPU.Build.0 = Release|Any CPU
	EndGlobalSection
	GlobalSection(SolutionProperties) = preSolution
		HideSolutionNode = FALSE
	EndGlobalSection
	GlobalSection(ExtensibilityGlobals) = postSolution
		SolutionGuid = {AF58D08A-88E3-4ECA-B956-5EE993B45A52}
	EndGlobalSection
EndGlobal
